
Microsoft Visual Studio Solution File, Format Version 12.00
# Visual Studio Version 16
VisualStudioVersion = 16.0.30709.132
MinimumVisualStudioVersion = 10.0.40219.1
Project("{8BC9CEB8-8B4A-11D0-8D11-00A0C91BC942}") = "ex_1", "ex_1.vcxproj", "{2ABD78E4-1432-4CF2-A245-3E567B40DCA3}"
EndProject
Global
	GlobalSection(SolutionConfigurationPlatforms) = preSolution
		Debug|x64 = Debug|x64
		Release|x64 = Release|x64
	EndGlobalSection
	GlobalSection(ProjectConfigurationPlatforms) = postSolution
		{2ABD78E4-1432-4CF2-A245-3E567B40DCA3}.Debug|x64.ActiveCfg = Debug|x64
		{2ABD78E4-1432-4CF2-A245-3E567B40DCA3}.Debug|x64.Build.0 = Debug|x64
		{2ABD78E4-1432-4CF2-A245-3E567B40DCA3}.Release|x64.ActiveCfg = Release|x64
		{2ABD78E4-1432-4CF2-A245-3E567B40DCA3}.Release|x64.Build.0 = Release|x64
	EndGlobalSection
	GlobalSection(SolutionProperties) = preSolution
		HideSolutionNode = FALSE
	EndGlobalSection
	GlobalSection(ExtensibilityGlobals) = postSolution
		SolutionGuid = {990C4AEC-F6DA-4050-A275-37DF3939EC4A}
	EndGlobalSection
EndGlobal
